
Microsoft Visual Studio Solution File, Format Version 12.00
# Visual Studio 15
VisualStudioVersion = 15.0.28307.852
MinimumVisualStudioVersion = 10.0.40219.1
Project("{FAE04EC0-301F-11D3-BF4B-00C04F79EFBC}") = "Lands.Android", "Lands\Lands.Android\Lands.Android.csproj", "{9A9BE4B9-BBE5-4BCE-AB57-75CE1A16265E}"
EndProject
Project("{FAE04EC0-301F-11D3-BF4B-00C04F79EFBC}") = "Lands.iOS", "Lands\Lands.iOS\Lands.iOS.csproj", "{A8741D76-BAEB-4B8C-A374-26F0EF7D8CCA}"
EndProject
Project("{FAE04EC0-301F-11D3-BF4B-00C04F79EFBC}") = "Lands", "Lands\Lands\Lands.csproj", "{B3F663E5-7D0F-4AA1-A8FE-1486633661FA}"
EndProject
Global
	GlobalSection(SolutionConfigurationPlatforms) = preSolution
		Ad-Hoc|Any CPU = Ad-Hoc|Any CPU
		Ad-Hoc|iPhone = Ad-Hoc|iPhone
		Ad-Hoc|iPhoneSimulator = Ad-Hoc|iPhoneSimulator
		AppStore|Any CPU = AppStore|Any CPU
		AppStore|iPhone = AppStore|iPhone
		AppStore|iPhoneSimulator = AppStore|iPhoneSimulator
		Debug|Any CPU = Debug|Any CPU
		Debug|iPhone = Debug|iPhone
		Debug|iPhoneSimulator = Debug|iPhoneSimulator
		Release|Any CPU = Release|Any CPU
		Release|iPhone = Release|iPhone
		Release|iPhoneSimulator = Release|iPhoneSimulator
	EndGlobalSection
	GlobalSection(ProjectConfigurationPlatforms) = postSolution
		{9A9BE4B9-BBE5-4BCE-AB57-75CE1A16265E}.Ad-Hoc|Any CPU.ActiveCfg = Release|Any CPU
		{9A9BE4B9-BBE5-4BCE-AB57-75CE1A16265E}.Ad-Hoc|Any CPU.Build.0 = Release|Any CPU
		{9A9BE4B9-BBE5-4BCE-AB57-75CE1A16265E}.Ad-Hoc|Any CPU.Deploy.0 = Release|Any CPU
		{9A9BE4B9-BBE5-4BCE-AB57-75CE1A16265E}.Ad-Hoc|iPhone.ActiveCfg = Release|Any CPU
		{9A9BE4B9-BBE5-4BCE-AB57-75CE1A16265E}.Ad-Hoc|iPhone.Build.0 = Release|Any CPU
		{9A9BE4B9-BBE5-4BCE-AB57-75CE1A16265E}.Ad-Hoc|iPhone.Deploy.0 = Release|Any CPU
		{9A9BE4B9-BBE5-4BCE-AB57-75CE1A16265E}.Ad-Hoc|iPhoneSimulator.ActiveCfg = Release|Any CPU
		{9A9BE4B9-BBE5-4BCE-AB57-75CE1A16265E}.Ad-Hoc|iPhoneSimulator.Build.0 = Release|Any CPU
		{9A9BE4B9-BBE5-4BCE-AB57-75CE1A16265E}.Ad-Hoc|iPhoneSimulator.Deploy.0 = Release|Any CPU
		{9A9BE4B9-BBE5-4BCE-AB57-75CE1A16265E}.AppStore|Any CPU.ActiveCfg = Release|Any CPU
		{9A9BE4B9-BBE5-4BCE-AB57-75CE1A16265E}.AppStore|Any CPU.Build.0 = Release|Any CPU
		{9A9BE4B9-BBE5-4BCE-AB57-75CE1A16265E}.AppStore|Any CPU.Deploy.0 = Release|Any CPU
		{9A9BE4B9-BBE5-4BCE-AB57-75CE1A16265E}.AppStore|iPhone.ActiveCfg = Release|Any CPU
		{9A9BE4B9-BBE5-4BCE-AB57-75CE1A16265E}.AppStore|iPhone.Build.0 = Release|Any CPU
		{9A9BE4B9-BBE5-4BCE-AB57-75CE1A16265E}.AppStore|iPhone.Deploy.0 = Release|Any CPU
		{9A9BE4B9-BBE5-4BCE-AB57-75CE1A16265E}.AppStore|iPhoneSimulator.ActiveCfg = Release|Any CPU
		{9A9BE4B9-BBE5-4BCE-AB57-75CE1A16265E}.AppStore|iPhoneSimulator.Build.0 = Release|Any CPU
		{9A9BE4B9-BBE5-4BCE-AB57-75CE1A16265E}.AppStore|iPhoneSimulator.Deploy.0 = Release|Any CPU
		{9A9BE4B9-BBE5-4BCE-AB57-75CE1A16265E}.Debug|Any CPU.ActiveCfg = Debug|Any CPU
		{9A9BE4B9-BBE5-4BCE-AB57-75CE1A16265E}.Debug|Any CPU.Build.0 = Debug|Any CPU
		{9A9BE4B9-BBE5-4BCE-AB57-75CE1A16265E}.Debug|Any CPU.Deploy.0 = Debug|Any CPU
		{9A9BE4B9-BBE5-4BCE-AB57-75CE1A16265E}.Debug|iPhone.ActiveCfg = Debug|Any CPU
		{9A9BE4B9-BBE5-4BCE-AB57-75CE1A16265E}.Debug|iPhone.Build.0 = Debug|Any CPU
		{9A9BE4B9-BBE5-4BCE-AB57-75CE1A16265E}.Debug|iPhone.Deploy.0 = Debug|Any CPU
		{9A9BE4B9-BBE5-4BCE-AB57-75CE1A16265E}.Debug|iPhoneSimulator.ActiveCfg = Debug|Any CPU
		{9A9BE4B9-BBE5-4BCE-AB57-75CE1A16265E}.Debug|iPhoneSimulator.Build.0 = Debug|Any CPU
		{9A9BE4B9-BBE5-4BCE-AB57-75CE1A16265E}.Debug|iPhoneSimulator.Deploy.0 = Debug|Any CPU
		{9A9BE4B9-BBE5-4BCE-AB57-75CE1A16265E}.Release|Any CPU.ActiveCfg = Release|Any CPU
		{9A9BE4B9-BBE5-4BCE-AB57-75CE1A16265E}.Release|Any CPU.Build.0 = Release|Any CPU
		{9A9BE4B9-BBE5-4BCE-AB57-75CE1A16265E}.Release|Any CPU.Deploy.0 = Release|Any CPU
		{9A9BE4B9-BBE5-4BCE-AB57-75CE1A16265E}.Release|iPhone.ActiveCfg = Release|Any CPU
		{9A9BE4B9-BBE5-4BCE-AB57-75CE1A16265E}.Release|iPhone.Build.0 = Release|Any CPU
		{9A9BE4B9-BBE5-4BCE-AB57-75CE1A16265E}.Release|iPhone.Deploy.0 = Release|Any CPU
		{9A9BE4B9-BBE5-4BCE-AB57-75CE1A16265E}.Release|iPhoneSimulator.ActiveCfg = Release|Any CPU
		{9A9BE4B9-BBE5-4BCE-AB57-75CE1A16265E}.Release|iPhoneSimulator.Build.0 = Release|Any CPU
		{9A9BE4B9-BBE5-4BCE-AB57-75CE1A16265E}.Release|iPhoneSimulator.Deploy.0 = Release|Any CPU
		{A8741D76-BAEB-4B8C-A374-26F0EF7D8CCA}.Ad-Hoc|Any CPU.ActiveCfg = Ad-Hoc|iPhone
		{A8741D76-BAEB-4B8C-A374-26F0EF7D8CCA}.Ad-Hoc|Any CPU.Build.0 = Ad-Hoc|iPhone
		{A8741D76-BAEB-4B8C-A374-26F0EF7D8CCA}.Ad-Hoc|Any CPU.Deploy.0 = Ad-Hoc|iPhone
		{A8741D76-BAEB-4B8C-A374-26F0EF7D8CCA}.Ad-Hoc|iPhone.ActiveCfg = Ad-Hoc|iPhone
		{A8741D76-BAEB-4B8C-A374-26F0EF7D8CCA}.Ad-Hoc|iPhone.Build.0 = Ad-Hoc|iPhone
		{A8741D76-BAEB-4B8C-A374-26F0EF7D8CCA}.Ad-Hoc|iPhone.Deploy.0 = Ad-Hoc|iPhone
		{A8741D76-BAEB-4B8C-A374-26F0EF7D8CCA}.Ad-Hoc|iPhoneSimulator.ActiveCfg = Ad-Hoc|iPhoneSimulator
		{A8741D76-BAEB-4B8C-A374-26F0EF7D8CCA}.Ad-Hoc|iPhoneSimulator.Build.0 = Ad-Hoc|iPhoneSimulator
		{A8741D76-BAEB-4B8C-A374-26F0EF7D8CCA}.Ad-Hoc|iPhoneSimulator.Deploy.0 = Ad-Hoc|iPhoneSimulator
		{A8741D76-BAEB-4B8C-A374-26F0EF7D8CCA}.AppStore|Any CPU.ActiveCfg = AppStore|iPhone
		{A8741D76-BAEB-4B8C-A374-26F0EF7D8CCA}.AppStore|Any CPU.Build.0 = AppStore|iPhone
		{A8741D76-BAEB-4B8C-A374-26F0EF7D8CCA}.AppStore|Any CPU.Deploy.0 = AppStore|iPhone
		{A8741D76-BAEB-4B8C-A374-26F0EF7D8CCA}.AppStore|iPhone.ActiveCfg = AppStore|iPhone
		{A8741D76-BAEB-4B8C-A374-26F0EF7D8CCA}.AppStore|iPhone.Build.0 = AppStore|iPhone
		{A8741D76-BAEB-4B8C-A374-26F0EF7D8CCA}.AppStore|iPhone.Deploy.0 = AppStore|iPhone
		{A8741D76-BAEB-4B8C-A374-26F0EF7D8CCA}.AppStore|iPhoneSimulator.ActiveCfg = AppStore|iPhoneSimulator
		{A8741D76-BAEB-4B8C-A374-26F0EF7D8CCA}.AppStore|iPhoneSimulator.Build.0 = AppStore|iPhoneSimulator
		{A8741D76-BAEB-4B8C-A374-26F0EF7D8CCA}.AppStore|iPhoneSimulator.Deploy.0 = AppStore|iPhoneSimulator
		{A8741D76-BAEB-4B8C-A374-26F0EF7D8CCA}.Debug|Any CPU.ActiveCfg = Debug|iPhoneSimulator
		{A8741D76-BAEB-4B8C-A374-26F0EF7D8CCA}.Debug|Any CPU.Build.0 = Debug|iPhoneSimulator
		{A8741D76-BAEB-4B8C-A374-26F0EF7D8CCA}.Debug|Any CPU.Deploy.0 = Debug|iPhoneSimulator
		{A8741D76-BAEB-4B8C-A374-26F0EF7D8CCA}.Debug|iPhone.ActiveCfg = Debug|iPhone
		{A8741D76-BAEB-4B8C-A374-26F0EF7D8CCA}.Debug|iPhone.Build.0 = Debug|iPhone
		{A8741D76-BAEB-4B8C-A374-26F0EF7D8CCA}.Debug|iPhone.Deploy.0 = Debug|iPhone
		{A8741D76-BAEB-4B8C-A374-26F0EF7D8CCA}.Debug|iPhoneSimulator.ActiveCfg = Debug|iPhoneSimulator
		{A8741D76-BAEB-4B8C-A374-26F0EF7D8CCA}.Debug|iPhoneSimulator.Build.0 = Debug|iPhoneSimulator
		{A8741D76-BAEB-4B8C-A374-26F0EF7D8CCA}.Debug|iPhoneSimulator.Deploy.0 = Debug|iPhoneSimulator
		{A8741D76-BAEB-4B8C-A374-26F0EF7D8CCA}.Release|Any CPU.ActiveCfg = Release|iPhone
		{A8741D76-BAEB-4B8C-A374-26F0EF7D8CCA}.Release|Any CPU.Build.0 = Release|iPhone
		{A8741D76-BAEB-4B8C-A374-26F0EF7D8CCA}.Release|Any CPU.Deploy.0 = Release|iPhone
		{A8741D76-BAEB-4B8C-A374-26F0EF7D8CCA}.Release|iPhone.ActiveCfg = Release|iPhone
		{A8741D76-BAEB-4B8C-A374-26F0EF7D8CCA}.Release|iPhone.Build.0 = Release|iPhone
		{A8741D76-BAEB-4B8C-A374-26F0EF7D8CCA}.Release|iPhone.Deploy.0 = Release|iPhone
		{A8741D76-BAEB-4B8C-A374-26F0EF7D8CCA}.Release|iPhoneSimulator.ActiveCfg = Release|iPhoneSimulator
		{A8741D76-BAEB-4B8C-A374-26F0EF7D8CCA}.Release|iPhoneSimulator.Build.0 = Release|iPhoneSimulator
		{A8741D76-BAEB-4B8C-A374-26F0EF7D8CCA}.Release|iPhoneSimulator.Deploy.0 = Release|iPhoneSimulator
		{B3F663E5-7D0F-4AA1-A8FE-1486633661FA}.Ad-Hoc|Any CPU.ActiveCfg = Debug|Any CPU
		{B3F663E5-7D0F-4AA1-A8FE-1486633661FA}.Ad-Hoc|Any CPU.Build.0 = Debug|Any CPU
		{B3F663E5-7D0F-4AA1-A8FE-1486633661FA}.Ad-Hoc|Any CPU.Deploy.0 = Debug|Any CPU
		{B3F663E5-7D0F-4AA1-A8FE-1486633661FA}.Ad-Hoc|iPhone.ActiveCfg = Debug|Any CPU
		{B3F663E5-7D0F-4AA1-A8FE-1486633661FA}.Ad-Hoc|iPhone.Build.0 = Debug|Any CPU
		{B3F663E5-7D0F-4AA1-A8FE-1486633661FA}.Ad-Hoc|iPhone.Deploy.0 = Debug|Any CPU
		{B3F663E5-7D0F-4AA1-A8FE-1486633661FA}.Ad-Hoc|iPhoneSimulator.ActiveCfg = Debug|Any CPU
		{B3F663E5-7D0F-4AA1-A8FE-1486633661FA}.Ad-Hoc|iPhoneSimulator.Build.0 = Debug|Any CPU
		{B3F663E5-7D0F-4AA1-A8FE-1486633661FA}.Ad-Hoc|iPhoneSimulator.Deploy.0 = Debug|Any CPU
		{B3F663E5-7D0F-4AA1-A8FE-1486633661FA}.AppStore|Any CPU.ActiveCfg = Debug|Any CPU
		{B3F663E5-7D0F-4AA1-A8FE-1486633661FA}.AppStore|Any CPU.Build.0 = Debug|Any CPU
		{B3F663E5-7D0F-4AA1-A8FE-1486633661FA}.AppStore|Any CPU.Deploy.0 = Debug|Any CPU
		{B3F663E5-7D0F-4AA1-A8FE-1486633661FA}.AppStore|iPhone.ActiveCfg = Debug|Any CPU
		{B3F663E5-7D0F-4AA1-A8FE-1486633661FA}.AppStore|iPhone.Build.0 = Debug|Any CPU
		{B3F663E5-7D0F-4AA1-A8FE-1486633661FA}.AppStore|iPhone.Deploy.0 = Debug|Any CPU
		{B3F663E5-7D0F-4AA1-A8FE-1486633661FA}.AppStore|iPhoneSimulator.ActiveCfg = Debug|Any CPU
		{B3F663E5-7D0F-4AA1-A8FE-1486633661FA}.AppStore|iPhoneSimulator.Build.0 = Debug|Any CPU
		{B3F663E5-7D0F-4AA1-A8FE-1486633661FA}.AppStore|iPhoneSimulator.Deploy.0 = Debug|Any CPU
		{B3F663E5-7D0F-4AA1-A8FE-1486633661FA}.Debug|Any CPU.ActiveCfg = Debug|Any CPU
		{B3F663E5-7D0F-4AA1-A8FE-1486633661FA}.Debug|Any CPU.Build.0 = Debug|Any CPU
		{B3F663E5-7D0F-4AA1-A8FE-1486633661FA}.Debug|Any CPU.Deploy.0 = Debug|Any CPU
		{B3F663E5-7D0F-4AA1-A8FE-1486633661FA}.Debug|iPhone.ActiveCfg = Debug|Any CPU
		{B3F663E5-7D0F-4AA1-A8FE-1486633661FA}.Debug|iPhone.Build.0 = Debug|Any CPU
		{B3F663E5-7D0F-4AA1-A8FE-1486633661FA}.Debug|iPhone.Deploy.0 = Debug|Any CPU
		{B3F663E5-7D0F-4AA1-A8FE-1486633661FA}.Debug|iPhoneSimulator.ActiveCfg = Debug|Any CPU
		{B3F663E5-7D0F-4AA1-A8FE-1486633661FA}.Debug|iPhoneSimulator.Build.0 = Debug|Any CPU
		{B3F663E5-7D0F-4AA1-A8FE-1486633661FA}.Debug|iPhoneSimulator.Deploy.0 = Debug|Any CPU
		{B3F663E5-7D0F-4AA1-A8FE-1486633661FA}.Release|Any CPU.ActiveCfg = Release|Any CPU
		{B3F663E5-7D0F-4AA1-A8FE-1486633661FA}.Release|Any CPU.Build.0 = Release|Any CPU
		{B3F663E5-7D0F-4AA1-A8FE-1486633661FA}.Release|Any CPU.Deploy.0 = Release|Any CPU
		{B3F663E5-7D0F-4AA1-A8FE-1486633661FA}.Release|iPhone.ActiveCfg = Release|Any CPU
		{B3F663E5-7D0F-4AA1-A8FE-1486633661FA}.Release|iPhone.Build.0 = Release|Any CPU
		{B3F663E5-7D0F-4AA1-A8FE-1486633661FA}.Release|iPhone.Deploy.0 = Release|Any CPU
		{B3F663E5-7D0F-4AA1-A8FE-1486633661FA}.Release|iPhoneSimulator.ActiveCfg = Release|Any CPU
		{B3F663E5-7D0F-4AA1-A8FE-1486633661FA}.Release|iPhoneSimulator.Build.0 = Release|Any CPU
		{B3F663E5-7D0F-4AA1-A8FE-1486633661FA}.Release|iPhoneSimulator.Deploy.0 = Release|Any CPU
	EndGlobalSection
	GlobalSection(SolutionProperties) = preSolution
		HideSolutionNode = FALSE
	EndGlobalSection
	GlobalSection(ExtensibilityGlobals) = postSolution
		SolutionGuid = {6A5C86A5-72DE-414F-A01E-11B5778E9223}
	EndGlobalSection
EndGlobal
